
Microsoft Visual Studio Solution File, Format Version 12.00
# Visual Studio Version 17
VisualStudioVersion = 17.6.33723.286
MinimumVisualStudioVersion = 10.0.40219.1
Project("{FAE04EC0-301F-11D3-BF4B-00C04F79EFBC}") = "ContactFormApp2", "ContactFormApp2.csproj", "{32E381F7-B925-447D-951B-0BDCB06AD4B2}"
EndProject
Global
	GlobalSection(SolutionConfigurationPlatforms) = preSolution
		Debug|Any CPU = Debug|Any CPU
		Release|Any CPU = Release|Any CPU
	EndGlobalSection
	GlobalSection(ProjectConfigurationPlatforms) = postSolution
		{32E381F7-B925-447D-951B-0BDCB06AD4B2}.Debug|Any CPU.ActiveCfg = Debug|Any CPU
		{32E381F7-B925-447D-951B-0BDCB06AD4B2}.Debug|Any CPU.Build.0 = Debug|Any CPU
		{32E381F7-B925-447D-951B-0BDCB06AD4B2}.Release|Any CPU.ActiveCfg = Release|Any CPU
		{32E381F7-B925-447D-951B-0BDCB06AD4B2}.Release|Any CPU.Build.0 = Release|Any CPU
	EndGlobalSection
	GlobalSection(SolutionProperties) = preSolution
		HideSolutionNode = FALSE
	EndGlobalSection
	GlobalSection(ExtensibilityGlobals) = postSolution
		SolutionGuid = {636A123D-4226-48A8-A54F-64FEA3D51F42}
	EndGlobalSection
EndGlobal
